
Microsoft Visual Studio Solution File, Format Version 12.00
# Visual Studio 2013
VisualStudioVersion = 12.0.30501.0
MinimumVisualStudioVersion = 10.0.40219.1
Project("{FAE04EC0-301F-11D3-BF4B-00C04F79EFBC}") = "Angus.ISoft.Boilerplate.Structuremapper", "Angus.ISoft.Boilerplate.Structuremapper\Angus.ISoft.Boilerplate.Structuremapper.csproj", "{8345B96C-1D4C-46F0-A4C2-8FA8D48CD800}"
EndProject
Global
	GlobalSection(SolutionConfigurationPlatforms) = preSolution
		Debug|Any CPU = Debug|Any CPU
		Release|Any CPU = Release|Any CPU
	EndGlobalSection
	GlobalSection(ProjectConfigurationPlatforms) = postSolution
		{8345B96C-1D4C-46F0-A4C2-8FA8D48CD800}.Debug|Any CPU.ActiveCfg = Debug|Any CPU
		{8345B96C-1D4C-46F0-A4C2-8FA8D48CD800}.Debug|Any CPU.Build.0 = Debug|Any CPU
		{8345B96C-1D4C-46F0-A4C2-8FA8D48CD800}.Release|Any CPU.ActiveCfg = Release|Any CPU
		{8345B96C-1D4C-46F0-A4C2-8FA8D48CD800}.Release|Any CPU.Build.0 = Release|Any CPU
	EndGlobalSection
	GlobalSection(SolutionProperties) = preSolution
		HideSolutionNode = FALSE
	EndGlobalSection
EndGlobal
